
Microsoft Visual Studio Solution File, Format Version 12.00
# Visual Studio Version 17
VisualStudioVersion = 17.0.31903.59
MinimumVisualStudioVersion = 10.0.40219.1
Project("{9A19103F-16F7-4668-BE54-9A1E7A4F7556}") = "DailyWorkJournalWebApi", "DailyWorkJournalWebApi\DailyWorkJournalWebApi.csproj", "{0A533F34-6BA9-464E-9BEE-B46BFA0D1D87}"
EndProject
Project("{2150E333-8FDC-42A3-9474-1A3956D46DE8}") = "Solution Items", "Solution Items", "{09492398-3354-4EE5-9E21-2FA7B4BB280E}"
	ProjectSection(SolutionItems) = preProject
		.github\workflows\azure-container-webapp.yml = .github\workflows\azure-container-webapp.yml
	EndProjectSection
EndProject
Global
	GlobalSection(SolutionConfigurationPlatforms) = preSolution
		Debug|Any CPU = Debug|Any CPU
		Release|Any CPU = Release|Any CPU
	EndGlobalSection
	GlobalSection(ProjectConfigurationPlatforms) = postSolution
		{0A533F34-6BA9-464E-9BEE-B46BFA0D1D87}.Debug|Any CPU.ActiveCfg = Debug|Any CPU
		{0A533F34-6BA9-464E-9BEE-B46BFA0D1D87}.Debug|Any CPU.Build.0 = Debug|Any CPU
		{0A533F34-6BA9-464E-9BEE-B46BFA0D1D87}.Release|Any CPU.ActiveCfg = Release|Any CPU
		{0A533F34-6BA9-464E-9BEE-B46BFA0D1D87}.Release|Any CPU.Build.0 = Release|Any CPU
	EndGlobalSection
	GlobalSection(SolutionProperties) = preSolution
		HideSolutionNode = FALSE
	EndGlobalSection
EndGlobal
